// !$*UTF8*$!
{
	archiveVersion = 1;
	classes = {
	};
	objectVersion = 50;
	objects = {

/* Begin PBXBuildFile section */
		011D7B056755AD6CD12CE547 /* Pods_FlixUITests.framework in Frameworks */ = {isa = PBXBuildFile; fileRef = 569DC0E1BACC86FD741456ED /* Pods_FlixUITests.framework */; };
		3B8C0996D47B7DCEC40087BD /* Pods_Flix.framework in Frameworks */ = {isa = PBXBuildFile; fileRef = 01A2CE51388238521D91B4CE /* Pods_Flix.framework */; };
		66057219221DD34100BECBF6 /* AppDelegate.swift in Sources */ = {isa = PBXBuildFile; fileRef = 66057218221DD34100BECBF6 /* AppDelegate.swift */; };
		6605721E221DD34100BECBF6 /* Main.storyboard in Resources */ = {isa = PBXBuildFile; fileRef = 6605721C221DD34100BECBF6 /* Main.storyboard */; };
		66057220221DD34300BECBF6 /* Assets.xcassets in Resources */ = {isa = PBXBuildFile; fileRef = 6605721F221DD34300BECBF6 /* Assets.xcassets */; };
		66057223221DD34300BECBF6 /* LaunchScreen.storyboard in Resources */ = {isa = PBXBuildFile; fileRef = 66057221221DD34300BECBF6 /* LaunchScreen.storyboard */; };
		6605722E221DD34300BECBF6 /* FlixTests.swift in Sources */ = {isa = PBXBuildFile; fileRef = 6605722D221DD34300BECBF6 /* FlixTests.swift */; };
		66057239221DD34300BECBF6 /* FlixUITests.swift in Sources */ = {isa = PBXBuildFile; fileRef = 66057238221DD34300BECBF6 /* FlixUITests.swift */; };
		66057247221DD3F600BECBF6 /* MoviesViewController.swift in Sources */ = {isa = PBXBuildFile; fileRef = 66057246221DD3F600BECBF6 /* MoviesViewController.swift */; };
		66057249221DD74E00BECBF6 /* MovieCell.swift in Sources */ = {isa = PBXBuildFile; fileRef = 66057248221DD74E00BECBF6 /* MovieCell.swift */; };
		661EDC65221F1A680035DE8D /* MovieDetailsViewController.swift in Sources */ = {isa = PBXBuildFile; fileRef = 661EDC64221F1A680035DE8D /* MovieDetailsViewController.swift */; };
		663DA14122271F1E00417AE2 /* MovieGridViewController.swift in Sources */ = {isa = PBXBuildFile; fileRef = 663DA14022271F1E00417AE2 /* MovieGridViewController.swift */; };
		663DA143222723F400417AE2 /* MovieGridCell.swift in Sources */ = {isa = PBXBuildFile; fileRef = 663DA142222723F400417AE2 /* MovieGridCell.swift */; };
		AA80F8CD2CDB3003BFDB8ADF /* Pods_FlixTests.framework in Frameworks */ = {isa = PBXBuildFile; fileRef = 2248F7689018772C735AD871 /* Pods_FlixTests.framework */; };
/* End PBXBuildFile section */

/* Begin PBXContainerItemProxy section */
		6605722A221DD34300BECBF6 /* PBXContainerItemProxy */ = {
			isa = PBXContainerItemProxy;
			containerPortal = 6605720D221DD34100BECBF6 /* Project object */;
			proxyType = 1;
			remoteGlobalIDString = 66057214221DD34100BECBF6;
			remoteInfo = Flix;
		};
		66057235221DD34300BECBF6 /* PBXContainerItemProxy */ = {
			isa = PBXContainerItemProxy;
			containerPortal = 6605720D221DD34100BECBF6 /* Project object */;
			proxyType = 1;
			remoteGlobalIDString = 66057214221DD34100BECBF6;
			remoteInfo = Flix;
		};
/* End PBXContainerItemProxy section */

/* Begin PBXFileReference section */
		01A2CE51388238521D91B4CE /* Pods_Flix.framework */ = {isa = PBXFileReference; explicitFileType = wrapper.framework; includeInIndex = 0; path = Pods_Flix.framework; sourceTree = BUILT_PRODUCTS_DIR; };
		2248F7689018772C735AD871 /* Pods_FlixTests.framework */ = {isa = PBXFileReference; explicitFileType = wrapper.framework; includeInIndex = 0; path = Pods_FlixTests.framework; sourceTree = BUILT_PRODUCTS_DIR; };
		569DC0E1BACC86FD741456ED /* Pods_FlixUITests.framework */ = {isa = PBXFileReference; explicitFileType = wrapper.framework; includeInIndex = 0; path = Pods_FlixUITests.framework; sourceTree = BUILT_PRODUCTS_DIR; };
		5F4F95A754D1C1DEFD3100DE /* Pods-FlixTests.release.xcconfig */ = {isa = PBXFileReference; includeInIndex = 1; lastKnownFileType = text.xcconfig; name = "Pods-FlixTests.release.xcconfig"; path = "Target Support Files/Pods-FlixTests/Pods-FlixTests.release.xcconfig"; sourceTree = "<group>"; };
		66057215221DD34100BECBF6 /* Flix.app */ = {isa = PBXFileReference; explicitFileType = wrapper.application; includeInIndex = 0; path = Flix.app; sourceTree = BUILT_PRODUCTS_DIR; };
		66057218221DD34100BECBF6 /* AppDelegate.swift */ = {isa = PBXFileReference; lastKnownFileType = sourcecode.swift; path = AppDelegate.swift; sourceTree = "<group>"; };
		6605721D221DD34100BECBF6 /* Base */ = {isa = PBXFileReference; lastKnownFileType = file.storyboard; name = Base; path = Base.lproj/Main.storyboard; sourceTree = "<group>"; };
		6605721F221DD34300BECBF6 /* Assets.xcassets */ = {isa = PBXFileReference; lastKnownFileType = folder.assetcatalog; path = Assets.xcassets; sourceTree = "<group>"; };
		66057222221DD34300BECBF6 /* Base */ = {isa = PBXFileReference; lastKnownFileType = file.storyboard; name = Base; path = Base.lproj/LaunchScreen.storyboard; sourceTree = "<group>"; };
		66057224221DD34300BECBF6 /* Info.plist */ = {isa = PBXFileReference; lastKnownFileType = text.plist.xml; path = Info.plist; sourceTree = "<group>"; };
		66057229221DD34300BECBF6 /* FlixTests.xctest */ = {isa = PBXFileReference; explicitFileType = wrapper.cfbundle; includeInIndex = 0; path = FlixTests.xctest; sourceTree = BUILT_PRODUCTS_DIR; };
		6605722D221DD34300BECBF6 /* FlixTests.swift */ = {isa = PBXFileReference; lastKnownFileType = sourcecode.swift; path = FlixTests.swift; sourceTree = "<group>"; };
		6605722F221DD34300BECBF6 /* Info.plist */ = {isa = PBXFileReference; lastKnownFileType = text.plist.xml; path = Info.plist; sourceTree = "<group>"; };
		66057234221DD34300BECBF6 /* FlixUITests.xctest */ = {isa = PBXFileReference; explicitFileType = wrapper.cfbundle; includeInIndex = 0; path = FlixUITests.xctest; sourceTree = BUILT_PRODUCTS_DIR; };
		66057238221DD34300BECBF6 /* FlixUITests.swift */ = {isa = PBXFileReference; lastKnownFileType = sourcecode.swift; path = FlixUITests.swift; sourceTree = "<group>"; };
		6605723A221DD34300BECBF6 /* Info.plist */ = {isa = PBXFileReference; lastKnownFileType = text.plist.xml; path = Info.plist; sourceTree = "<group>"; };
		66057246221DD3F600BECBF6 /* MoviesViewController.swift */ = {isa = PBXFileReference; lastKnownFileType = sourcecode.swift; path = MoviesViewController.swift; sourceTree = "<group>"; };
		66057248221DD74E00BECBF6 /* MovieCell.swift */ = {isa = PBXFileReference; lastKnownFileType = sourcecode.swift; path = MovieCell.swift; sourceTree = "<group>"; };
		661EDC64221F1A680035DE8D /* MovieDetailsViewController.swift */ = {isa = PBXFileReference; lastKnownFileType = sourcecode.swift; path = MovieDetailsViewController.swift; sourceTree = "<group>"; };
		663DA14022271F1E00417AE2 /* MovieGridViewController.swift */ = {isa = PBXFileReference; lastKnownFileType = sourcecode.swift; path = MovieGridViewController.swift; sourceTree = "<group>"; };
		663DA142222723F400417AE2 /* MovieGridCell.swift */ = {isa = PBXFileReference; lastKnownFileType = sourcecode.swift; path = MovieGridCell.swift; sourceTree = "<group>"; };
		6CBFE885B9F9EA377CC01BD6 /* Pods-FlixTests.debug.xcconfig */ = {isa = PBXFileReference; includeInIndex = 1; lastKnownFileType = text.xcconfig; name = "Pods-FlixTests.debug.xcconfig"; path = "Target Support Files/Pods-FlixTests/Pods-FlixTests.debug.xcconfig"; sourceTree = "<group>"; };
		8FD70F59A1967B43C352228D /* Pods-FlixUITests.debug.xcconfig */ = {isa = PBXFileReference; includeInIndex = 1; lastKnownFileType = text.xcconfig; name = "Pods-FlixUITests.debug.xcconfig"; path = "Target Support Files/Pods-FlixUITests/Pods-FlixUITests.debug.xcconfig"; sourceTree = "<group>"; };
		9730BDADB3885C2EF2016C76 /* Pods-Flix.debug.xcconfig */ = {isa = PBXFileReference; includeInIndex = 1; lastKnownFileType = text.xcconfig; name = "Pods-Flix.debug.xcconfig"; path = "Target Support Files/Pods-Flix/Pods-Flix.debug.xcconfig"; sourceTree = "<group>"; };
		C3502037A60D8FA0B2EE9A63 /* Pods-FlixUITests.release.xcconfig */ = {isa = PBXFileReference; includeInIndex = 1; lastKnownFileType = text.xcconfig; name = "Pods-FlixUITests.release.xcconfig"; path = "Target Support Files/Pods-FlixUITests/Pods-FlixUITests.release.xcconfig"; sourceTree = "<group>"; };
		E379F6FB532D73B4805D2F97 /* Pods-Flix.release.xcconfig */ = {isa = PBXFileReference; includeInIndex = 1; lastKnownFileType = text.xcconfig; name = "Pods-Flix.release.xcconfig"; path = "Target Support Files/Pods-Flix/Pods-Flix.release.xcconfig"; sourceTree = "<group>"; };
/* End PBXFileReference section */

/* Begin PBXFrameworksBuildPhase section */
		66057212221DD34100BECBF6 /* Frameworks */ = {
			isa = PBXFrameworksBuildPhase;
			buildActionMask = 2147483647;
			files = (
				3B8C0996D47B7DCEC40087BD /* Pods_Flix.framework in Frameworks */,
			);
			runOnlyForDeploymentPostprocessing = 0;
		};
		66057226221DD34300BECBF6 /* Frameworks */ = {
			isa = PBXFrameworksBuildPhase;
			buildActionMask = 2147483647;
			files = (
				AA80F8CD2CDB3003BFDB8ADF /* Pods_FlixTests.framework in Frameworks */,
			);
			runOnlyForDeploymentPostprocessing = 0;
		};
		66057231221DD34300BECBF6 /* Frameworks */ = {
			isa = PBXFrameworksBuildPhase;
			buildActionMask = 2147483647;
			files = (
				011D7B056755AD6CD12CE547 /* Pods_FlixUITests.framework in Frameworks */,
			);
			runOnlyForDeploymentPostprocessing = 0;
		};
/* End PBXFrameworksBuildPhase section */

/* Begin PBXGroup section */
		6605720C221DD34100BECBF6 = {
			isa = PBXGroup;
			children = (
				66057217221DD34100BECBF6 /* Flix */,
				6605722C221DD34300BECBF6 /* FlixTests */,
				66057237221DD34300BECBF6 /* FlixUITests */,
				66057216221DD34100BECBF6 /* Products */,
				C9B3489EA2F41426563A5600 /* Pods */,
				B45F2CF9EFD2AB1B0969C6BD /* Frameworks */,
			);
			sourceTree = "<group>";
		};
		66057216221DD34100BECBF6 /* Products */ = {
			isa = PBXGroup;
			children = (
				66057215221DD34100BECBF6 /* Flix.app */,
				66057229221DD34300BECBF6 /* FlixTests.xctest */,
				66057234221DD34300BECBF6 /* FlixUITests.xctest */,
			);
			name = Products;
			sourceTree = "<group>";
		};
		66057217221DD34100BECBF6 /* Flix */ = {
			isa = PBXGroup;
			children = (
				66057218221DD34100BECBF6 /* AppDelegate.swift */,
				6605721C221DD34100BECBF6 /* Main.storyboard */,
				6605721F221DD34300BECBF6 /* Assets.xcassets */,
				66057221221DD34300BECBF6 /* LaunchScreen.storyboard */,
				66057246221DD3F600BECBF6 /* MoviesViewController.swift */,
				66057248221DD74E00BECBF6 /* MovieCell.swift */,
				663DA142222723F400417AE2 /* MovieGridCell.swift */,
				661EDC64221F1A680035DE8D /* MovieDetailsViewController.swift */,
				663DA14022271F1E00417AE2 /* MovieGridViewController.swift */,
				66057224221DD34300BECBF6 /* Info.plist */,
			);
			path = Flix;
			sourceTree = "<group>";
		};
		6605722C221DD34300BECBF6 /* FlixTests */ = {
			isa = PBXGroup;
			children = (
				6605722D221DD34300BECBF6 /* FlixTests.swift */,
				6605722F221DD34300BECBF6 /* Info.plist */,
			);
			path = FlixTests;
			sourceTree = "<group>";
		};
		66057237221DD34300BECBF6 /* FlixUITests */ = {
			isa = PBXGroup;
			children = (
				66057238221DD34300BECBF6 /* FlixUITests.swift */,
				6605723A221DD34300BECBF6 /* Info.plist */,
			);
			path = FlixUITests;
			sourceTree = "<group>";
		};
		B45F2CF9EFD2AB1B0969C6BD /* Frameworks */ = {
			isa = PBXGroup;
			children = (
				01A2CE51388238521D91B4CE /* Pods_Flix.framework */,
				2248F7689018772C735AD871 /* Pods_FlixTests.framework */,
				569DC0E1BACC86FD741456ED /* Pods_FlixUITests.framework */,
			);
			name = Frameworks;
			sourceTree = "<group>";
		};
		C9B3489EA2F41426563A5600 /* Pods */ = {
			isa = PBXGroup;
			children = (
				9730BDADB3885C2EF2016C76 /* Pods-Flix.debug.xcconfig */,
				E379F6FB532D73B4805D2F97 /* Pods-Flix.release.xcconfig */,
				6CBFE885B9F9EA377CC01BD6 /* Pods-FlixTests.debug.xcconfig */,
				5F4F95A754D1C1DEFD3100DE /* Pods-FlixTests.release.xcconfig */,
				8FD70F59A1967B43C352228D /* Pods-FlixUITests.debug.xcconfig */,
				C3502037A60D8FA0B2EE9A63 /* Pods-FlixUITests.release.xcconfig */,
			);
			path = Pods;
			sourceTree = "<group>";
		};
/* End PBXGroup section */

/* Begin PBXNativeTarget section */
		66057214221DD34100BECBF6 /* Flix */ = {
			isa = PBXNativeTarget;
			buildConfigurationList = 6605723D221DD34300BECBF6 /* Build configuration list for PBXNativeTarget "Flix" */;
			buildPhases = (
				AA902ED8151A21E8E300BD1D /* [CP] Check Pods Manifest.lock */,
				66057211221DD34100BECBF6 /* Sources */,
				66057212221DD34100BECBF6 /* Frameworks */,
				66057213221DD34100BECBF6 /* Resources */,
				C587D31449F1D8641DA3BFE0 /* [CP] Embed Pods Frameworks */,
			);
			buildRules = (
			);
			dependencies = (
			);
			name = Flix;
			productName = Flix;
			productReference = 66057215221DD34100BECBF6 /* Flix.app */;
			productType = "com.apple.product-type.application";
		};
		66057228221DD34300BECBF6 /* FlixTests */ = {
			isa = PBXNativeTarget;
			buildConfigurationList = 66057240221DD34300BECBF6 /* Build configuration list for PBXNativeTarget "FlixTests" */;
			buildPhases = (
				F35564011D56CD771A57FC23 /* [CP] Check Pods Manifest.lock */,
				66057225221DD34300BECBF6 /* Sources */,
				66057226221DD34300BECBF6 /* Frameworks */,
				66057227221DD34300BECBF6 /* Resources */,
			);
			buildRules = (
			);
			dependencies = (
				6605722B221DD34300BECBF6 /* PBXTargetDependency */,
			);
			name = FlixTests;
			productName = FlixTests;
			productReference = 66057229221DD34300BECBF6 /* FlixTests.xctest */;
			productType = "com.apple.product-type.bundle.unit-test";
		};
		66057233221DD34300BECBF6 /* FlixUITests */ = {
			isa = PBXNativeTarget;
			buildConfigurationList = 66057243221DD34300BECBF6 /* Build configuration list for PBXNativeTarget "FlixUITests" */;
			buildPhases = (
				78D89E3809EA9D1E8EC90154 /* [CP] Check Pods Manifest.lock */,
				66057230221DD34300BECBF6 /* Sources */,
				66057231221DD34300BECBF6 /* Frameworks */,
				66057232221DD34300BECBF6 /* Resources */,
			);
			buildRules = (
			);
			dependencies = (
				66057236221DD34300BECBF6 /* PBXTargetDependency */,
			);
			name = FlixUITests;
			productName = FlixUITests;
			productReference = 66057234221DD34300BECBF6 /* FlixUITests.xctest */;
			productType = "com.apple.product-type.bundle.ui-testing";
		};
/* End PBXNativeTarget section */

/* Begin PBXProject section */
		6605720D221DD34100BECBF6 /* Project object */ = {
			isa = PBXProject;
			attributes = {
				LastSwiftUpdateCheck = 1010;
				LastUpgradeCheck = 1010;
				ORGANIZATIONNAME = "Jenny Li";
				TargetAttributes = {
					66057214221DD34100BECBF6 = {
						CreatedOnToolsVersion = 10.1;
					};
					66057228221DD34300BECBF6 = {
						CreatedOnToolsVersion = 10.1;
						TestTargetID = 66057214221DD34100BECBF6;
					};
					66057233221DD34300BECBF6 = {
						CreatedOnToolsVersion = 10.1;
						TestTargetID = 66057214221DD34100BECBF6;
					};
				};
			};
			buildConfigurationList = 66057210221DD34100BECBF6 /* Build configuration list for PBXProject "Flix" */;
			compatibilityVersion = "Xcode 9.3";
			developmentRegion = en;
			hasScannedForEncodings = 0;
			knownRegions = (
				en,
				Base,
			);
			mainGroup = 6605720C221DD34100BECBF6;
			productRefGroup = 66057216221DD34100BECBF6 /* Products */;
			projectDirPath = "";
			projectRoot = "";
			targets = (
				66057214221DD34100BECBF6 /* Flix */,
				66057228221DD34300BECBF6 /* FlixTests */,
				66057233221DD34300BECBF6 /* FlixUITests */,
			);
		};
/* End PBXProject section */

/* Begin PBXResourcesBuildPhase section */
		66057213221DD34100BECBF6 /* Resources */ = {
			isa = PBXResourcesBuildPhase;
			buildActionMask = 2147483647;
			files = (
				66057223221DD34300BECBF6 /* LaunchScreen.storyboard in Resources */,
				66057220221DD34300BECBF6 /* Assets.xcassets in Resources */,
				6605721E221DD34100BECBF6 /* Main.storyboard in Resources */,
			);
			runOnlyForDeploymentPostprocessing = 0;
		};
		66057227221DD34300BECBF6 /* Resources */ = {
			isa = PBXResourcesBuildPhase;
			buildActionMask = 2147483647;
			files = (
			);
			runOnlyForDeploymentPostprocessing = 0;
		};
		66057232221DD34300BECBF6 /* Resources */ = {
			isa = PBXResourcesBuildPhase;
			buildActionMask = 2147483647;
			files = (
			);
			runOnlyForDeploymentPostprocessing = 0;
		};
/* End PBXResourcesBuildPhase section */

/* Begin PBXShellScriptBuildPhase section */
		78D89E3809EA9D1E8EC90154 /* [CP] Check Pods Manifest.lock */ = {
			isa = PBXShellScriptBuildPhase;
			buildActionMask = 2147483647;
			files = (
			);
			inputFileListPaths = (
			);
			inputPaths = (
				"${PODS_PODFILE_DIR_PATH}/Podfile.lock",
				"${PODS_ROOT}/Manifest.lock",
			);
			name = "[CP] Check Pods Manifest.lock";
			outputFileListPaths = (
			);
			outputPaths = (
				"$(DERIVED_FILE_DIR)/Pods-FlixUITests-checkManifestLockResult.txt",
			);
			runOnlyForDeploymentPostprocessing = 0;
			shellPath = /bin/sh;
			shellScript = "diff \"${PODS_PODFILE_DIR_PATH}/Podfile.lock\" \"${PODS_ROOT}/Manifest.lock\" > /dev/null\nif [ $? != 0 ] ; then\n    # print error to STDERR\n    echo \"error: The sandbox is not in sync with the Podfile.lock. Run 'pod install' or update your CocoaPods installation.\" >&2\n    exit 1\nfi\n# This output is used by Xcode 'outputs' to avoid re-running this script phase.\necho \"SUCCESS\" > \"${SCRIPT_OUTPUT_FILE_0}\"\n";
			showEnvVarsInLog = 0;
		};
		AA902ED8151A21E8E300BD1D /* [CP] Check Pods Manifest.lock */ = {
			isa = PBXShellScriptBuildPhase;
			buildActionMask = 2147483647;
			files = (
			);
			inputFileListPaths = (
			);
			inputPaths = (
				"${PODS_PODFILE_DIR_PATH}/Podfile.lock",
				"${PODS_ROOT}/Manifest.lock",
			);
			name = "[CP] Check Pods Manifest.lock";
			outputFileListPaths = (
			);
			outputPaths = (
				"$(DERIVED_FILE_DIR)/Pods-Flix-checkManifestLockResult.txt",
			);
			runOnlyForDeploymentPostprocessing = 0;
			shellPath = /bin/sh;
			shellScript = "diff \"${PODS_PODFILE_DIR_PATH}/Podfile.lock\" \"${PODS_ROOT}/Manifest.lock\" > /dev/null\nif [ $? != 0 ] ; then\n    # print error to STDERR\n    echo \"error: The sandbox is not in sync with the Podfile.lock. Run 'pod install' or update your CocoaPods installation.\" >&2\n    exit 1\nfi\n# This output is used by Xcode 'outputs' to avoid re-running this script phase.\necho \"SUCCESS\" > \"${SCRIPT_OUTPUT_FILE_0}\"\n";
			showEnvVarsInLog = 0;
		};
		C587D31449F1D8641DA3BFE0 /* [CP] Embed Pods Frameworks */ = {
			isa = PBXShellScriptBuildPhase;
			buildActionMask = 2147483647;
			files = (
			);
			inputFileListPaths = (
			);
			inputPaths = (
				"${PODS_ROOT}/Target Support Files/Pods-Flix/Pods-Flix-frameworks.sh",
				"${BUILT_PRODUCTS_DIR}/Alamofire/Alamofire.framework",
				"${BUILT_PRODUCTS_DIR}/AlamofireImage/AlamofireImage.framework",
			);
			name = "[CP] Embed Pods Frameworks";
			outputFileListPaths = (
			);
			outputPaths = (
				"${TARGET_BUILD_DIR}/${FRAMEWORKS_FOLDER_PATH}/Alamofire.framework",
				"${TARGET_BUILD_DIR}/${FRAMEWORKS_FOLDER_PATH}/AlamofireImage.framework",
			);
			runOnlyForDeploymentPostprocessing = 0;
			shellPath = /bin/sh;
			shellScript = "\"${PODS_ROOT}/Target Support Files/Pods-Flix/Pods-Flix-frameworks.sh\"\n";
			showEnvVarsInLog = 0;
		};
		F35564011D56CD771A57FC23 /* [CP] Check Pods Manifest.lock */ = {
			isa = PBXShellScriptBuildPhase;
			buildActionMask = 2147483647;
			files = (
			);
			inputFileListPaths = (
			);
			inputPaths = (
				"${PODS_PODFILE_DIR_PATH}/Podfile.lock",
				"${PODS_ROOT}/Manifest.lock",
			);
			name = "[CP] Check Pods Manifest.lock";
			outputFileListPaths = (
			);
			outputPaths = (
				"$(DERIVED_FILE_DIR)/Pods-FlixTests-checkManifestLockResult.txt",
			);
			runOnlyForDeploymentPostprocessing = 0;
			shellPath = /bin/sh;
			shellScript = "diff \"${PODS_PODFILE_DIR_PATH}/Podfile.lock\" \"${PODS_ROOT}/Manifest.lock\" > /dev/null\nif [ $? != 0 ] ; then\n    # print error to STDERR\n    echo \"error: The sandbox is not in sync with the Podfile.lock. Run 'pod install' or update your CocoaPods installation.\" >&2\n    exit 1\nfi\n# This output is used by Xcode 'outputs' to avoid re-running this script phase.\necho \"SUCCESS\" > \"${SCRIPT_OUTPUT_FILE_0}\"\n";
			showEnvVarsInLog = 0;
		};
/* End PBXShellScriptBuildPhase section */

/* Begin PBXSourcesBuildPhase section */
		66057211221DD34100BECBF6 /* Sources */ = {
			isa = PBXSourcesBuildPhase;
			buildActionMask = 2147483647;
			files = (
				663DA14122271F1E00417AE2 /* MovieGridViewController.swift in Sources */,
				661EDC65221F1A680035DE8D /* MovieDetailsViewController.swift in Sources */,
				66057219221DD34100BECBF6 /* AppDelegate.swift in Sources */,
				66057247221DD3F600BECBF6 /* MoviesViewController.swift in Sources */,
				663DA143222723F400417AE2 /* MovieGridCell.swift in Sources */,
				66057249221DD74E00BECBF6 /* MovieCell.swift in Sources */,
			);
			runOnlyForDeploymentPostprocessing = 0;
		};
		66057225221DD34300BECBF6 /* Sources */ = {
			isa = PBXSourcesBuildPhase;
			buildActionMask = 2147483647;
			files = (
				6605722E221DD34300BECBF6 /* FlixTests.swift in Sources */,
			);
			runOnlyForDeploymentPostprocessing = 0;
		};
		66057230221DD34300BECBF6 /* Sources */ = {
			isa = PBXSourcesBuildPhase;
			buildActionMask = 2147483647;
			files = (
				66057239221DD34300BECBF6 /* FlixUITests.swift in Sources */,
			);
			runOnlyForDeploymentPostprocessing = 0;
		};
/* End PBXSourcesBuildPhase section */

/* Begin PBXTargetDependency section */
		6605722B221DD34300BECBF6 /* PBXTargetDependency */ = {
			isa = PBXTargetDependency;
			target = 66057214221DD34100BECBF6 /* Flix */;
			targetProxy = 6605722A221DD34300BECBF6 /* PBXContainerItemProxy */;
		};
		66057236221DD34300BECBF6 /* PBXTargetDependency */ = {
			isa = PBXTargetDependency;
			target = 66057214221DD34100BECBF6 /* Flix */;
			targetProxy = 66057235221DD34300BECBF6 /* PBXContainerItemProxy */;
		};
/* End PBXTargetDependency section */

/* Begin PBXVariantGroup section */
		6605721C221DD34100BECBF6 /* Main.storyboard */ = {
			isa = PBXVariantGroup;
			children = (
				6605721D221DD34100BECBF6 /* Base */,
			);
			name = Main.storyboard;
			sourceTree = "<group>";
		};
		66057221221DD34300BECBF6 /* LaunchScreen.storyboard */ = {
			isa = PBXVariantGroup;
			children = (
				66057222221DD34300BECBF6 /* Base */,
			);
			name = LaunchScreen.storyboard;
			sourceTree = "<group>";
		};
/* End PBXVariantGroup section */

/* Begin XCBuildConfiguration section */
		6605723B221DD34300BECBF6 /* Debug */ = {
			isa = XCBuildConfiguration;
			buildSettings = {
				ALWAYS_SEARCH_USER_PATHS = NO;
				CLANG_ANALYZER_NONNULL = YES;
				CLANG_ANALYZER_NUMBER_OBJECT_CONVERSION = YES_AGGRESSIVE;
				CLANG_CXX_LANGUAGE_STANDARD = "gnu++14";
				CLANG_CXX_LIBRARY = "libc++";
				CLANG_ENABLE_MODULES = YES;
				CLANG_ENABLE_OBJC_ARC = YES;
				CLANG_ENABLE_OBJC_WEAK = YES;
				CLANG_WARN_BLOCK_CAPTURE_AUTORELEASING = YES;
				CLANG_WARN_BOOL_CONVERSION = YES;
				CLANG_WARN_COMMA = YES;
				CLANG_WARN_CONSTANT_CONVERSION = YES;
				CLANG_WARN_DEPRECATED_OBJC_IMPLEMENTATIONS = YES;
				CLANG_WARN_DIRECT_OBJC_ISA_USAGE = YES_ERROR;
				CLANG_WARN_DOCUMENTATION_COMMENTS = YES;
				CLANG_WARN_EMPTY_BODY = YES;
				CLANG_WARN_ENUM_CONVERSION = YES;
				CLANG_WARN_INFINITE_RECURSION = YES;
				CLANG_WARN_INT_CONVERSION = YES;
				CLANG_WARN_NON_LITERAL_NULL_CONVERSION = YES;
				CLANG_WARN_OBJC_IMPLICIT_RETAIN_SELF = YES;
				CLANG_WARN_OBJC_LITERAL_CONVERSION = YES;
				CLANG_WARN_OBJC_ROOT_CLASS = YES_ERROR;
				CLANG_WARN_RANGE_LOOP_ANALYSIS = YES;
				CLANG_WARN_STRICT_PROTOTYPES = YES;
				CLANG_WARN_SUSPICIOUS_MOVE = YES;
				CLANG_WARN_UNGUARDED_AVAILABILITY = YES_AGGRESSIVE;
				CLANG_WARN_UNREACHABLE_CODE = YES;
				CLANG_WARN__DUPLICATE_METHOD_MATCH = YES;
				CODE_SIGN_IDENTITY = "iPhone Developer";
				COPY_PHASE_STRIP = NO;
				DEBUG_INFORMATION_FORMAT = dwarf;
				ENABLE_STRICT_OBJC_MSGSEND = YES;
				ENABLE_TESTABILITY = YES;
				GCC_C_LANGUAGE_STANDARD = gnu11;
				GCC_DYNAMIC_NO_PIC = NO;
				GCC_NO_COMMON_BLOCKS = YES;
				GCC_OPTIMIZATION_LEVEL = 0;
				GCC_PREPROCESSOR_DEFINITIONS = (
					"DEBUG=1",
					"$(inherited)",
				);
				GCC_WARN_64_TO_32_BIT_CONVERSION = YES;
				GCC_WARN_ABOUT_RETURN_TYPE = YES_ERROR;
				GCC_WARN_UNDECLARED_SELECTOR = YES;
				GCC_WARN_UNINITIALIZED_AUTOS = YES_AGGRESSIVE;
				GCC_WARN_UNUSED_FUNCTION = YES;
				GCC_WARN_UNUSED_VARIABLE = YES;
				IPHONEOS_DEPLOYMENT_TARGET = 12.1;
				MTL_ENABLE_DEBUG_INFO = INCLUDE_SOURCE;
				MTL_FAST_MATH = YES;
				ONLY_ACTIVE_ARCH = YES;
				SDKROOT = iphoneos;
				SWIFT_ACTIVE_COMPILATION_CONDITIONS = DEBUG;
				SWIFT_OPTIMIZATION_LEVEL = "-Onone";
			};
			name = Debug;
		};
		6605723C221DD34300BECBF6 /* Release */ = {
			isa = XCBuildConfiguration;
			buildSettings = {
				ALWAYS_SEARCH_USER_PATHS = NO;
				CLANG_ANALYZER_NONNULL = YES;
				CLANG_ANALYZER_NUMBER_OBJECT_CONVERSION = YES_AGGRESSIVE;
				CLANG_CXX_LANGUAGE_STANDARD = "gnu++14";
				CLANG_CXX_LIBRARY = "libc++";
				CLANG_ENABLE_MODULES = YES;
				CLANG_ENABLE_OBJC_ARC = YES;
				CLANG_ENABLE_OBJC_WEAK = YES;
				CLANG_WARN_BLOCK_CAPTURE_AUTORELEASING = YES;
				CLANG_WARN_BOOL_CONVERSION = YES;
				CLANG_WARN_COMMA = YES;
				CLANG_WARN_CONSTANT_CONVERSION = YES;
				CLANG_WARN_DEPRECATED_OBJC_IMPLEMENTATIONS = YES;
				CLANG_WARN_DIRECT_OBJC_ISA_USAGE = YES_ERROR;
				CLANG_WARN_DOCUMENTATION_COMMENTS = YES;
				CLANG_WARN_EMPTY_BODY = YES;
				CLANG_WARN_ENUM_CONVERSION = YES;
				CLANG_WARN_INFINITE_RECURSION = YES;
				CLANG_WARN_INT_CONVERSION = YES;
				CLANG_WARN_NON_LITERAL_NULL_CONVERSION = YES;
				CLANG_WARN_OBJC_IMPLICIT_RETAIN_SELF = YES;
				CLANG_WARN_OBJC_LITERAL_CONVERSION = YES;
				CLANG_WARN_OBJC_ROOT_CLASS = YES_ERROR;
				CLANG_WARN_RANGE_LOOP_ANALYSIS = YES;
				CLANG_WARN_STRICT_PROTOTYPES = YES;
				CLANG_WARN_SUSPICIOUS_MOVE = YES;
				CLANG_WARN_UNGUARDED_AVAILABILITY = YES_AGGRESSIVE;
				CLANG_WARN_UNREACHABLE_CODE = YES;
				CLANG_WARN__DUPLICATE_METHOD_MATCH = YES;
				CODE_SIGN_IDENTITY = "iPhone Developer";
				COPY_PHASE_STRIP = NO;
				DEBUG_INFORMATION_FORMAT = "dwarf-with-dsym";
				ENABLE_NS_ASSERTIONS = NO;
				ENABLE_STRICT_OBJC_MSGSEND = YES;
				GCC_C_LANGUAGE_STANDARD = gnu11;
				GCC_NO_COMMON_BLOCKS = YES;
				GCC_WARN_64_TO_32_BIT_CONVERSION = YES;
				GCC_WARN_ABOUT_RETURN_TYPE = YES_ERROR;
				GCC_WARN_UNDECLARED_SELECTOR = YES;
				GCC_WARN_UNINITIALIZED_AUTOS = YES_AGGRESSIVE;
				GCC_WARN_UNUSED_FUNCTION = YES;
				GCC_WARN_UNUSED_VARIABLE = YES;
				IPHONEOS_DEPLOYMENT_TARGET = 12.1;
				MTL_ENABLE_DEBUG_INFO = NO;
				MTL_FAST_MATH = YES;
				SDKROOT = iphoneos;
				SWIFT_COMPILATION_MODE = wholemodule;
				SWIFT_OPTIMIZATION_LEVEL = "-O";
				VALIDATE_PRODUCT = YES;
			};
			name = Release;
		};
		6605723E221DD34300BECBF6 /* Debug */ = {
			isa = XCBuildConfiguration;
			baseConfigurationReference = 9730BDADB3885C2EF2016C76 /* Pods-Flix.debug.xcconfig */;
			buildSettings = {
				ASSETCATALOG_COMPILER_APPICON_NAME = AppIcon;
				CODE_SIGN_STYLE = Automatic;
				INFOPLIST_FILE = Flix/Info.plist;
				LD_RUNPATH_SEARCH_PATHS = (
					"$(inherited)",
					"@executable_path/Frameworks",
				);
				PRODUCT_BUNDLE_IDENTIFIER = com.JennyLi.Flix;
				PRODUCT_NAME = "$(TARGET_NAME)";
				SWIFT_VERSION = 4.2;
				TARGETED_DEVICE_FAMILY = "1,2";
			};
			name = Debug;
		};
		6605723F221DD34300BECBF6 /* Release */ = {
			isa = XCBuildConfiguration;
			baseConfigurationReference = E379F6FB532D73B4805D2F97 /* Pods-Flix.release.xcconfig */;
			buildSettings = {
				ASSETCATALOG_COMPILER_APPICON_NAME = AppIcon;
				CODE_SIGN_STYLE = Automatic;
				INFOPLIST_FILE = Flix/Info.plist;
				LD_RUNPATH_SEARCH_PATHS = (
					"$(inherited)",
					"@executable_path/Frameworks",
				);
				PRODUCT_BUNDLE_IDENTIFIER = com.JennyLi.Flix;
				PRODUCT_NAME = "$(TARGET_NAME)";
				SWIFT_VERSION = 4.2;
				TARGETED_DEVICE_FAMILY = "1,2";
			};
			name = Release;
		};
		66057241221DD34300BECBF6 /* Debug */ = {
			isa = XCBuildConfiguration;
			baseConfigurationReference = 6CBFE885B9F9EA377CC01BD6 /* Pods-FlixTests.debug.xcconfig */;
			buildSettings = {
				ALWAYS_EMBED_SWIFT_STANDARD_LIBRARIES = YES;
				BUNDLE_LOADER = "$(TEST_HOST)";
				CODE_SIGN_STYLE = Automatic;
				INFOPLIST_FILE = FlixTests/Info.plist;
				LD_RUNPATH_SEARCH_PATHS = (
					"$(inherited)",
					"@executable_path/Frameworks",
					"@loader_path/Frameworks",
				);
				PRODUCT_BUNDLE_IDENTIFIER = com.JennyLi.FlixTests;
				PRODUCT_NAME = "$(TARGET_NAME)";
				SWIFT_VERSION = 4.2;
				TARGETED_DEVICE_FAMILY = "1,2";
				TEST_HOST = "$(BUILT_PRODUCTS_DIR)/Flix.app/Flix";
			};
			name = Debug;
		};
		66057242221DD34300BECBF6 /* Release */ = {
			isa = XCBuildConfiguration;
			baseConfigurationReference = 5F4F95A754D1C1DEFD3100DE /* Pods-FlixTests.release.xcconfig */;
			buildSettings = {
				ALWAYS_EMBED_SWIFT_STANDARD_LIBRARIES = YES;
				BUNDLE_LOADER = "$(TEST_HOST)";
				CODE_SIGN_STYLE = Automatic;
				INFOPLIST_FILE = FlixTests/Info.plist;
				LD_RUNPATH_SEARCH_PATHS = (
					"$(inherited)",
					"@executable_path/Frameworks",
					"@loader_path/Frameworks",
				);
				PRODUCT_BUNDLE_IDENTIFIER = com.JennyLi.FlixTests;
				PRODUCT_NAME = "$(TARGET_NAME)";
				SWIFT_VERSION = 4.2;
				TARGETED_DEVICE_FAMILY = "1,2";
				TEST_HOST = "$(BUILT_PRODUCTS_DIR)/Flix.app/Flix";
			};
			name = Release;
		};
		66057244221DD34300BECBF6 /* Debug */ = {
			isa = XCBuildConfiguration;
			baseConfigurationReference = 8FD70F59A1967B43C352228D /* Pods-FlixUITests.debug.xcconfig */;
			buildSettings = {
				ALWAYS_EMBED_SWIFT_STANDARD_LIBRARIES = YES;
				CODE_SIGN_STYLE = Automatic;
				INFOPLIST_FILE = FlixUITests/Info.plist;
				LD_RUNPATH_SEARCH_PATHS = (
					"$(inherited)",
					"@executable_path/Frameworks",
					"@loader_path/Frameworks",
				);
				PRODUCT_BUNDLE_IDENTIFIER = com.JennyLi.FlixUITests;
				PRODUCT_NAME = "$(TARGET_NAME)";
				SWIFT_VERSION = 4.2;
				TARGETED_DEVICE_FAMILY = "1,2";
				TEST_TARGET_NAME = Flix;
			};
			name = Debug;
		};
		66057245221DD34300BECBF6 /* Release */ = {
			isa = XCBuildConfiguration;
			baseConfigurationReference = C3502037A60D8FA0B2EE9A63 /* Pods-FlixUITests.release.xcconfig */;
			buildSettings = {
				ALWAYS_EMBED_SWIFT_STANDARD_LIBRARIES = YES;
				CODE_SIGN_STYLE = Automatic;
				INFOPLIST_FILE = FlixUITests/Info.plist;
				LD_RUNPATH_SEARCH_PATHS = (
					"$(inherited)",
					"@executable_path/Frameworks",
					"@loader_path/Frameworks",
				);
				PRODUCT_BUNDLE_IDENTIFIER = com.JennyLi.FlixUITests;
				PRODUCT_NAME = "$(TARGET_NAME)";
				SWIFT_VERSION = 4.2;
				TARGETED_DEVICE_FAMILY = "1,2";
				TEST_TARGET_NAME = Flix;
			};
			name = Release;
		};
/* End XCBuildConfiguration section */

/* Begin XCConfigurationList section */
		66057210221DD34100BECBF6 /* Build configuration list for PBXProject "Flix" */ = {
			isa = XCConfigurationList;
			buildConfigurations = (
				6605723B221DD34300BECBF6 /* Debug */,
				6605723C221DD34300BECBF6 /* Release */,
			);
			defaultConfigurationIsVisible = 0;
			defaultConfigurationName = Release;
		};
		6605723D221DD34300BECBF6 /* Build configuration list for PBXNativeTarget "Flix" */ = {
			isa = XCConfigurationList;
			buildConfigurations = (
				6605723E221DD34300BECBF6 /* Debug */,
				6605723F221DD34300BECBF6 /* Release */,
			);
			defaultConfigurationIsVisible = 0;
			defaultConfigurationName = Release;
		};
		66057240221DD34300BECBF6 /* Build configuration list for PBXNativeTarget "FlixTests" */ = {
			isa = XCConfigurationList;
			buildConfigurations = (
				66057241221DD34300BECBF6 /* Debug */,
				66057242221DD34300BECBF6 /* Release */,
			);
			defaultConfigurationIsVisible = 0;
			defaultConfigurationName = Release;
		};
		66057243221DD34300BECBF6 /* Build configuration list for PBXNativeTarget "FlixUITests" */ = {
			isa = XCConfigurationList;
			buildConfigurations = (
				66057244221DD34300BECBF6 /* Debug */,
				66057245221DD34300BECBF6 /* Release */,
			);
			defaultConfigurationIsVisible = 0;
			defaultConfigurationName = Release;
		};
/* End XCConfigurationList section */
	};
	rootObject = 6605720D221DD34100BECBF6 /* Project object */;
}
